
Microsoft Visual Studio Solution File, Format Version 10.00
# Visual Studio 2008
Project("{8BC9CEB8-8B4A-11D0-8D11-00A0C91BC942}") = "DownloadDatabase", "DownloadDatabase\DownloadDatabase.vcproj", "{E58FF16F-9FD4-4A67-A2F8-DF5C0B3898F4}"
EndProject
Project("{8BC9CEB8-8B4A-11D0-8D11-00A0C91BC942}") = "Launcher", "Launcher\Launcher.vcproj", "{F07EC1DB-AC5A-4FE7-BD9B-02721FF9512F}"
EndProject
Project("{8BC9CEB8-8B4A-11D0-8D11-00A0C91BC942}") = "Game", "Game\Game.vcproj", "{2EBEF844-E195-45A3-95B1-D2B1182009FE}"
EndProject
Project("{8BC9CEB8-8B4A-11D0-8D11-00A0C91BC942}") = "CommonFile", "CommonFile\CommonFile.vcproj", "{748ED48A-CA2A-4D47-B345-3A8A7B69417E}"
EndProject
Project("{8BC9CEB8-8B4A-11D0-8D11-00A0C91BC942}") = "Puzzle", "Puzzle\Puzzle.vcproj", "{D745E520-79DC-4C1D-A246-F7CC0602C228}"
EndProject
Project("{8BC9CEB8-8B4A-11D0-8D11-00A0C91BC942}") = "Render", "Render\Render.vcproj", "{64B9F57C-DB59-4529-A1C8-D04E8A19D2E0}"
EndProject
Project("{8BC9CEB8-8B4A-11D0-8D11-00A0C91BC942}") = "SimpleCompression", "SimpleCompression\SimpleCompression.vcproj", "{51D9F2C6-BE93-4689-9794-05AF85A6BFD8}"
EndProject
Project("{8BC9CEB8-8B4A-11D0-8D11-00A0C91BC942}") = "CompressDataBase", "CompressDataBase\CompressDataBase.vcproj", "{F25F86FB-917B-4700-B1AD-1475BA5766F9}"
EndProject
Project("{8BC9CEB8-8B4A-11D0-8D11-00A0C91BC942}") = "Network", "Network\Network.vcproj", "{E4BA7E09-CB2E-4544-B99A-B28F1799E118}"
EndProject
Global
	GlobalSection(SolutionConfigurationPlatforms) = preSolution
		Debug|Win32 = Debug|Win32
		Release|Win32 = Release|Win32
	EndGlobalSection
	GlobalSection(ProjectConfigurationPlatforms) = postSolution
		{E58FF16F-9FD4-4A67-A2F8-DF5C0B3898F4}.Debug|Win32.ActiveCfg = Debug|Win32
		{E58FF16F-9FD4-4A67-A2F8-DF5C0B3898F4}.Debug|Win32.Build.0 = Debug|Win32
		{E58FF16F-9FD4-4A67-A2F8-DF5C0B3898F4}.Release|Win32.ActiveCfg = Release|Win32
		{E58FF16F-9FD4-4A67-A2F8-DF5C0B3898F4}.Release|Win32.Build.0 = Release|Win32
		{F07EC1DB-AC5A-4FE7-BD9B-02721FF9512F}.Debug|Win32.ActiveCfg = Debug|Win32
		{F07EC1DB-AC5A-4FE7-BD9B-02721FF9512F}.Debug|Win32.Build.0 = Debug|Win32
		{F07EC1DB-AC5A-4FE7-BD9B-02721FF9512F}.Release|Win32.ActiveCfg = Release|Win32
		{F07EC1DB-AC5A-4FE7-BD9B-02721FF9512F}.Release|Win32.Build.0 = Release|Win32
		{2EBEF844-E195-45A3-95B1-D2B1182009FE}.Debug|Win32.ActiveCfg = Debug|Win32
		{2EBEF844-E195-45A3-95B1-D2B1182009FE}.Debug|Win32.Build.0 = Debug|Win32
		{2EBEF844-E195-45A3-95B1-D2B1182009FE}.Release|Win32.ActiveCfg = Release|Win32
		{2EBEF844-E195-45A3-95B1-D2B1182009FE}.Release|Win32.Build.0 = Release|Win32
		{748ED48A-CA2A-4D47-B345-3A8A7B69417E}.Debug|Win32.ActiveCfg = Debug|Win32
		{748ED48A-CA2A-4D47-B345-3A8A7B69417E}.Debug|Win32.Build.0 = Debug|Win32
		{748ED48A-CA2A-4D47-B345-3A8A7B69417E}.Release|Win32.ActiveCfg = Release|Win32
		{748ED48A-CA2A-4D47-B345-3A8A7B69417E}.Release|Win32.Build.0 = Release|Win32
		{D745E520-79DC-4C1D-A246-F7CC0602C228}.Debug|Win32.ActiveCfg = Debug|Win32
		{D745E520-79DC-4C1D-A246-F7CC0602C228}.Debug|Win32.Build.0 = Debug|Win32
		{D745E520-79DC-4C1D-A246-F7CC0602C228}.Release|Win32.ActiveCfg = Release|Win32
		{D745E520-79DC-4C1D-A246-F7CC0602C228}.Release|Win32.Build.0 = Release|Win32
		{64B9F57C-DB59-4529-A1C8-D04E8A19D2E0}.Debug|Win32.ActiveCfg = Debug|Win32
		{64B9F57C-DB59-4529-A1C8-D04E8A19D2E0}.Debug|Win32.Build.0 = Debug|Win32
		{64B9F57C-DB59-4529-A1C8-D04E8A19D2E0}.Release|Win32.ActiveCfg = Release|Win32
		{64B9F57C-DB59-4529-A1C8-D04E8A19D2E0}.Release|Win32.Build.0 = Release|Win32
		{51D9F2C6-BE93-4689-9794-05AF85A6BFD8}.Debug|Win32.ActiveCfg = Debug|Win32
		{51D9F2C6-BE93-4689-9794-05AF85A6BFD8}.Debug|Win32.Build.0 = Debug|Win32
		{51D9F2C6-BE93-4689-9794-05AF85A6BFD8}.Release|Win32.ActiveCfg = Release|Win32
		{51D9F2C6-BE93-4689-9794-05AF85A6BFD8}.Release|Win32.Build.0 = Release|Win32
		{F25F86FB-917B-4700-B1AD-1475BA5766F9}.Debug|Win32.ActiveCfg = Debug|Win32
		{F25F86FB-917B-4700-B1AD-1475BA5766F9}.Debug|Win32.Build.0 = Debug|Win32
		{F25F86FB-917B-4700-B1AD-1475BA5766F9}.Release|Win32.ActiveCfg = Release|Win32
		{F25F86FB-917B-4700-B1AD-1475BA5766F9}.Release|Win32.Build.0 = Release|Win32
		{E4BA7E09-CB2E-4544-B99A-B28F1799E118}.Debug|Win32.ActiveCfg = Debug|Win32
		{E4BA7E09-CB2E-4544-B99A-B28F1799E118}.Debug|Win32.Build.0 = Debug|Win32
		{E4BA7E09-CB2E-4544-B99A-B28F1799E118}.Release|Win32.ActiveCfg = Release|Win32
		{E4BA7E09-CB2E-4544-B99A-B28F1799E118}.Release|Win32.Build.0 = Release|Win32
	EndGlobalSection
	GlobalSection(SolutionProperties) = preSolution
		HideSolutionNode = FALSE
	EndGlobalSection
EndGlobal
